// !$*UTF8*$!
{
	archiveVersion = 1;
	classes = {
	};
	objectVersion = 77;
	objects = {

/* Begin PBXContainerItemProxy section */
		A576F0252D0A14A000F3C3D5 /* PBXContainerItemProxy */ = {
			isa = PBXContainerItemProxy;
			containerPortal = A576F0062D0A149D00F3C3D5 /* Project object */;
			proxyType = 1;
			remoteGlobalIDString = A576F00D2D0A149D00F3C3D5;
			remoteInfo = BroadcastAsyncStreamExample;
		};
		A576F02F2D0A14A000F3C3D5 /* PBXContainerItemProxy */ = {
			isa = PBXContainerItemProxy;
			containerPortal = A576F0062D0A149D00F3C3D5 /* Project object */;
			proxyType = 1;
			remoteGlobalIDString = A576F00D2D0A149D00F3C3D5;
			remoteInfo = BroadcastAsyncStreamExample;
		};
/* End PBXContainerItemProxy section */

/* Begin PBXFileReference section */
		A576F00E2D0A149D00F3C3D5 /* BroadcastAsyncStreamExample.app */ = {isa = PBXFileReference; explicitFileType = wrapper.application; includeInIndex = 0; path = BroadcastAsyncStreamExample.app; sourceTree = BUILT_PRODUCTS_DIR; };
		A576F0242D0A14A000F3C3D5 /* BroadcastAsyncStreamExampleTests.xctest */ = {isa = PBXFileReference; explicitFileType = wrapper.cfbundle; includeInIndex = 0; path = BroadcastAsyncStreamExampleTests.xctest; sourceTree = BUILT_PRODUCTS_DIR; };
		A576F02E2D0A14A000F3C3D5 /* BroadcastAsyncStreamExampleUITests.xctest */ = {isa = PBXFileReference; explicitFileType = wrapper.cfbundle; includeInIndex = 0; path = BroadcastAsyncStreamExampleUITests.xctest; sourceTree = BUILT_PRODUCTS_DIR; };
/* End PBXFileReference section */

/* Begin PBXFileSystemSynchronizedBuildFileExceptionSet section */
		A576F0362D0A14A000F3C3D5 /* Exceptions for "BroadcastAsyncStreamExample" folder in "BroadcastAsyncStreamExample" target */ = {
			isa = PBXFileSystemSynchronizedBuildFileExceptionSet;
			membershipExceptions = (
				Info.plist,
			);
			target = A576F00D2D0A149D00F3C3D5 /* BroadcastAsyncStreamExample */;
		};
/* End PBXFileSystemSynchronizedBuildFileExceptionSet section */

/* Begin PBXFileSystemSynchronizedRootGroup section */
		A576F0102D0A149D00F3C3D5 /* BroadcastAsyncStreamExample */ = {
			isa = PBXFileSystemSynchronizedRootGroup;
			exceptions = (
				A576F0362D0A14A000F3C3D5 /* Exceptions for "BroadcastAsyncStreamExample" folder in "BroadcastAsyncStreamExample" target */,
			);
			path = BroadcastAsyncStreamExample;
			sourceTree = "<group>";
		};
		A576F0272D0A14A000F3C3D5 /* BroadcastAsyncStreamExampleTests */ = {
			isa = PBXFileSystemSynchronizedRootGroup;
			path = BroadcastAsyncStreamExampleTests;
			sourceTree = "<group>";
		};
		A576F0312D0A14A000F3C3D5 /* BroadcastAsyncStreamExampleUITests */ = {
			isa = PBXFileSystemSynchronizedRootGroup;
			path = BroadcastAsyncStreamExampleUITests;
			sourceTree = "<group>";
		};
/* End PBXFileSystemSynchronizedRootGroup section */

/* Begin PBXFrameworksBuildPhase section */
		A576F00B2D0A149D00F3C3D5 /* Frameworks */ = {
			isa = PBXFrameworksBuildPhase;
			buildActionMask = 2147483647;
			files = (
			);
			runOnlyForDeploymentPostprocessing = 0;
		};
		A576F0212D0A14A000F3C3D5 /* Frameworks */ = {
			isa = PBXFrameworksBuildPhase;
			buildActionMask = 2147483647;
			files = (
			);
			runOnlyForDeploymentPostprocessing = 0;
		};
		A576F02B2D0A14A000F3C3D5 /* Frameworks */ = {
			isa = PBXFrameworksBuildPhase;
			buildActionMask = 2147483647;
			files = (
			);
			runOnlyForDeploymentPostprocessing = 0;
		};
/* End PBXFrameworksBuildPhase section */

/* Begin PBXGroup section */
		A576F0052D0A149D00F3C3D5 = {
			isa = PBXGroup;
			children = (
				A576F0102D0A149D00F3C3D5 /* BroadcastAsyncStreamExample */,
				A576F0272D0A14A000F3C3D5 /* BroadcastAsyncStreamExampleTests */,
				A576F0312D0A14A000F3C3D5 /* BroadcastAsyncStreamExampleUITests */,
				A576F00F2D0A149D00F3C3D5 /* Products */,
			);
			sourceTree = "<group>";
		};
		A576F00F2D0A149D00F3C3D5 /* Products */ = {
			isa = PBXGroup;
			children = (
				A576F00E2D0A149D00F3C3D5 /* BroadcastAsyncStreamExample.app */,
				A576F0242D0A14A000F3C3D5 /* BroadcastAsyncStreamExampleTests.xctest */,
				A576F02E2D0A14A000F3C3D5 /* BroadcastAsyncStreamExampleUITests.xctest */,
			);
			name = Products;
			sourceTree = "<group>";
		};
/* End PBXGroup section */

/* Begin PBXNativeTarget section */
		A576F00D2D0A149D00F3C3D5 /* BroadcastAsyncStreamExample */ = {
			isa = PBXNativeTarget;
			buildConfigurationList = A576F0372D0A14A000F3C3D5 /* Build configuration list for PBXNativeTarget "BroadcastAsyncStreamExample" */;
			buildPhases = (
				A576F00A2D0A149D00F3C3D5 /* Sources */,
				A576F00B2D0A149D00F3C3D5 /* Frameworks */,
				A576F00C2D0A149D00F3C3D5 /* Resources */,
			);
			buildRules = (
			);
			dependencies = (
			);
			fileSystemSynchronizedGroups = (
				A576F0102D0A149D00F3C3D5 /* BroadcastAsyncStreamExample */,
			);
			name = BroadcastAsyncStreamExample;
			packageProductDependencies = (
			);
			productName = BroadcastAsyncStreamExample;
			productReference = A576F00E2D0A149D00F3C3D5 /* BroadcastAsyncStreamExample.app */;
			productType = "com.apple.product-type.application";
		};
		A576F0232D0A14A000F3C3D5 /* BroadcastAsyncStreamExampleTests */ = {
			isa = PBXNativeTarget;
			buildConfigurationList = A576F03C2D0A14A000F3C3D5 /* Build configuration list for PBXNativeTarget "BroadcastAsyncStreamExampleTests" */;
			buildPhases = (
				A576F0202D0A14A000F3C3D5 /* Sources */,
				A576F0212D0A14A000F3C3D5 /* Frameworks */,
				A576F0222D0A14A000F3C3D5 /* Resources */,
			);
			buildRules = (
			);
			dependencies = (
				A576F0262D0A14A000F3C3D5 /* PBXTargetDependency */,
			);
			fileSystemSynchronizedGroups = (
				A576F0272D0A14A000F3C3D5 /* BroadcastAsyncStreamExampleTests */,
			);
			name = BroadcastAsyncStreamExampleTests;
			packageProductDependencies = (
			);
			productName = BroadcastAsyncStreamExampleTests;
			productReference = A576F0242D0A14A000F3C3D5 /* BroadcastAsyncStreamExampleTests.xctest */;
			productType = "com.apple.product-type.bundle.unit-test";
		};
		A576F02D2D0A14A000F3C3D5 /* BroadcastAsyncStreamExampleUITests */ = {
			isa = PBXNativeTarget;
			buildConfigurationList = A576F03F2D0A14A000F3C3D5 /* Build configuration list for PBXNativeTarget "BroadcastAsyncStreamExampleUITests" */;
			buildPhases = (
				A576F02A2D0A14A000F3C3D5 /* Sources */,
				A576F02B2D0A14A000F3C3D5 /* Frameworks */,
				A576F02C2D0A14A000F3C3D5 /* Resources */,
			);
			buildRules = (
			);
			dependencies = (
				A576F0302D0A14A000F3C3D5 /* PBXTargetDependency */,
			);
			fileSystemSynchronizedGroups = (
				A576F0312D0A14A000F3C3D5 /* BroadcastAsyncStreamExampleUITests */,
			);
			name = BroadcastAsyncStreamExampleUITests;
			packageProductDependencies = (
			);
			productName = BroadcastAsyncStreamExampleUITests;
			productReference = A576F02E2D0A14A000F3C3D5 /* BroadcastAsyncStreamExampleUITests.xctest */;
			productType = "com.apple.product-type.bundle.ui-testing";
		};
/* End PBXNativeTarget section */

/* Begin PBXProject section */
		A576F0062D0A149D00F3C3D5 /* Project object */ = {
			isa = PBXProject;
			attributes = {
				BuildIndependentTargetsInParallel = 1;
				LastSwiftUpdateCheck = 1620;
				LastUpgradeCheck = 1620;
				TargetAttributes = {
					A576F00D2D0A149D00F3C3D5 = {
						CreatedOnToolsVersion = 16.2;
					};
					A576F0232D0A14A000F3C3D5 = {
						CreatedOnToolsVersion = 16.2;
						TestTargetID = A576F00D2D0A149D00F3C3D5;
					};
					A576F02D2D0A14A000F3C3D5 = {
						CreatedOnToolsVersion = 16.2;
						TestTargetID = A576F00D2D0A149D00F3C3D5;
					};
				};
			};
			buildConfigurationList = A576F0092D0A149D00F3C3D5 /* Build configuration list for PBXProject "BroadcastAsyncStreamExample" */;
			developmentRegion = en;
			hasScannedForEncodings = 0;
			knownRegions = (
				en,
				Base,
			);
			mainGroup = A576F0052D0A149D00F3C3D5;
			minimizedProjectReferenceProxies = 1;
			preferredProjectObjectVersion = 77;
			productRefGroup = A576F00F2D0A149D00F3C3D5 /* Products */;
			projectDirPath = "";
			projectRoot = "";
			targets = (
				A576F00D2D0A149D00F3C3D5 /* BroadcastAsyncStreamExample */,
				A576F0232D0A14A000F3C3D5 /* BroadcastAsyncStreamExampleTests */,
				A576F02D2D0A14A000F3C3D5 /* BroadcastAsyncStreamExampleUITests */,
			);
		};
/* End PBXProject section */

/* Begin PBXResourcesBuildPhase section */
		A576F00C2D0A149D00F3C3D5 /* Resources */ = {
			isa = PBXResourcesBuildPhase;
			buildActionMask = 2147483647;
			files = (
			);
			runOnlyForDeploymentPostprocessing = 0;
		};
		A576F0222D0A14A000F3C3D5 /* Resources */ = {
			isa = PBXResourcesBuildPhase;
			buildActionMask = 2147483647;
			files = (
			);
			runOnlyForDeploymentPostprocessing = 0;
		};
		A576F02C2D0A14A000F3C3D5 /* Resources */ = {
			isa = PBXResourcesBuildPhase;
			buildActionMask = 2147483647;
			files = (
			);
			runOnlyForDeploymentPostprocessing = 0;
		};
/* End PBXResourcesBuildPhase section */

/* Begin PBXSourcesBuildPhase section */
		A576F00A2D0A149D00F3C3D5 /* Sources */ = {
			isa = PBXSourcesBuildPhase;
			buildActionMask = 2147483647;
			files = (
			);
			runOnlyForDeploymentPostprocessing = 0;
		};
		A576F0202D0A14A000F3C3D5 /* Sources */ = {
			isa = PBXSourcesBuildPhase;
			buildActionMask = 2147483647;
			files = (
			);
			runOnlyForDeploymentPostprocessing = 0;
		};
		A576F02A2D0A14A000F3C3D5 /* Sources */ = {
			isa = PBXSourcesBuildPhase;
			buildActionMask = 2147483647;
			files = (
			);
			runOnlyForDeploymentPostprocessing = 0;
		};
/* End PBXSourcesBuildPhase section */

/* Begin PBXTargetDependency section */
		A576F0262D0A14A000F3C3D5 /* PBXTargetDependency */ = {
			isa = PBXTargetDependency;
			target = A576F00D2D0A149D00F3C3D5 /* BroadcastAsyncStreamExample */;
			targetProxy = A576F0252D0A14A000F3C3D5 /* PBXContainerItemProxy */;
		};
		A576F0302D0A14A000F3C3D5 /* PBXTargetDependency */ = {
			isa = PBXTargetDependency;
			target = A576F00D2D0A149D00F3C3D5 /* BroadcastAsyncStreamExample */;
			targetProxy = A576F02F2D0A14A000F3C3D5 /* PBXContainerItemProxy */;
		};
/* End PBXTargetDependency section */

/* Begin XCBuildConfiguration section */
		A576F0382D0A14A000F3C3D5 /* Debug */ = {
			isa = XCBuildConfiguration;
			buildSettings = {
				ASSETCATALOG_COMPILER_APPICON_NAME = AppIcon;
				ASSETCATALOG_COMPILER_GLOBAL_ACCENT_COLOR_NAME = AccentColor;
				CODE_SIGN_STYLE = Automatic;
				CURRENT_PROJECT_VERSION = 1;
				GENERATE_INFOPLIST_FILE = YES;
				INFOPLIST_FILE = BroadcastAsyncStreamExample/Info.plist;
				INFOPLIST_KEY_UIApplicationSupportsIndirectInputEvents = YES;
				INFOPLIST_KEY_UILaunchStoryboardName = LaunchScreen;
				INFOPLIST_KEY_UIMainStoryboardFile = Main;
				INFOPLIST_KEY_UISupportedInterfaceOrientations_iPad = "UIInterfaceOrientationPortrait UIInterfaceOrientationPortraitUpsideDown UIInterfaceOrientationLandscapeLeft UIInterfaceOrientationLandscapeRight";
				INFOPLIST_KEY_UISupportedInterfaceOrientations_iPhone = "UIInterfaceOrientationPortrait UIInterfaceOrientationLandscapeLeft UIInterfaceOrientationLandscapeRight";
				LD_RUNPATH_SEARCH_PATHS = (
					"$(inherited)",
					"@executable_path/Frameworks",
				);
				MARKETING_VERSION = 1.0;
				PRODUCT_BUNDLE_IDENTIFIER = Shakuro.BroadcastAsyncStreamExample;
				PRODUCT_NAME = "$(TARGET_NAME)";
				SWIFT_EMIT_LOC_STRINGS = YES;
				SWIFT_VERSION = 5.0;
				TARGETED_DEVICE_FAMILY = "1,2";
			};
			name = Debug;
		};
		A576F0392D0A14A000F3C3D5 /* Release */ = {
			isa = XCBuildConfiguration;
			buildSettings = {
				ASSETCATALOG_COMPILER_APPICON_NAME = AppIcon;
				ASSETCATALOG_COMPILER_GLOBAL_ACCENT_COLOR_NAME = AccentColor;
				CODE_SIGN_STYLE = Automatic;
				CURRENT_PROJECT_VERSION = 1;
				GENERATE_INFOPLIST_FILE = YES;
				INFOPLIST_FILE = BroadcastAsyncStreamExample/Info.plist;
				INFOPLIST_KEY_UIApplicationSupportsIndirectInputEvents = YES;
				INFOPLIST_KEY_UILaunchStoryboardName = LaunchScreen;
				INFOPLIST_KEY_UIMainStoryboardFile = Main;
				INFOPLIST_KEY_UISupportedInterfaceOrientations_iPad = "UIInterfaceOrientationPortrait UIInterfaceOrientationPortraitUpsideDown UIInterfaceOrientationLandscapeLeft UIInterfaceOrientationLandscapeRight";
				INFOPLIST_KEY_UISupportedInterfaceOrientations_iPhone = "UIInterfaceOrientationPortrait UIInterfaceOrientationLandscapeLeft UIInterfaceOrientationLandscapeRight";
				LD_RUNPATH_SEARCH_PATHS = (
					"$(inherited)",
					"@executable_path/Frameworks",
				);
				MARKETING_VERSION = 1.0;
				PRODUCT_BUNDLE_IDENTIFIER = Shakuro.BroadcastAsyncStreamExample;
				PRODUCT_NAME = "$(TARGET_NAME)";
				SWIFT_EMIT_LOC_STRINGS = YES;
				SWIFT_VERSION = 5.0;
				TARGETED_DEVICE_FAMILY = "1,2";
			};
			name = Release;
		};
		A576F03A2D0A14A000F3C3D5 /* Debug */ = {
			isa = XCBuildConfiguration;
			buildSettings = {
				ALWAYS_SEARCH_USER_PATHS = NO;
				ASSETCATALOG_COMPILER_GENERATE_SWIFT_ASSET_SYMBOL_EXTENSIONS = YES;
				CLANG_ANALYZER_NONNULL = YES;
				CLANG_ANALYZER_NUMBER_OBJECT_CONVERSION = YES_AGGRESSIVE;
				CLANG_CXX_LANGUAGE_STANDARD = "gnu++20";
				CLANG_ENABLE_MODULES = YES;
				CLANG_ENABLE_OBJC_ARC = YES;
				CLANG_ENABLE_OBJC_WEAK = YES;
				CLANG_WARN_BLOCK_CAPTURE_AUTORELEASING = YES;
				CLANG_WARN_BOOL_CONVERSION = YES;
				CLANG_WARN_COMMA = YES;
				CLANG_WARN_CONSTANT_CONVERSION = YES;
				CLANG_WARN_DEPRECATED_OBJC_IMPLEMENTATIONS = YES;
				CLANG_WARN_DIRECT_OBJC_ISA_USAGE = YES_ERROR;
				CLANG_WARN_DOCUMENTATION_COMMENTS = YES;
				CLANG_WARN_EMPTY_BODY = YES;
				CLANG_WARN_ENUM_CONVERSION = YES;
				CLANG_WARN_INFINITE_RECURSION = YES;
				CLANG_WARN_INT_CONVERSION = YES;
				CLANG_WARN_NON_LITERAL_NULL_CONVERSION = YES;
				CLANG_WARN_OBJC_IMPLICIT_RETAIN_SELF = YES;
				CLANG_WARN_OBJC_LITERAL_CONVERSION = YES;
				CLANG_WARN_OBJC_ROOT_CLASS = YES_ERROR;
				CLANG_WARN_QUOTED_INCLUDE_IN_FRAMEWORK_HEADER = YES;
				CLANG_WARN_RANGE_LOOP_ANALYSIS = YES;
				CLANG_WARN_STRICT_PROTOTYPES = YES;
				CLANG_WARN_SUSPICIOUS_MOVE = YES;
				CLANG_WARN_UNGUARDED_AVAILABILITY = YES_AGGRESSIVE;
				CLANG_WARN_UNREACHABLE_CODE = YES;
				CLANG_WARN__DUPLICATE_METHOD_MATCH = YES;
				COPY_PHASE_STRIP = NO;
				DEBUG_INFORMATION_FORMAT = dwarf;
				ENABLE_STRICT_OBJC_MSGSEND = YES;
				ENABLE_TESTABILITY = YES;
				ENABLE_USER_SCRIPT_SANDBOXING = YES;
				GCC_C_LANGUAGE_STANDARD = gnu17;
				GCC_DYNAMIC_NO_PIC = NO;
				GCC_NO_COMMON_BLOCKS = YES;
				GCC_OPTIMIZATION_LEVEL = 0;
				GCC_PREPROCESSOR_DEFINITIONS = (
					"DEBUG=1",
					"$(inherited)",
				);
				GCC_WARN_64_TO_32_BIT_CONVERSION = YES;
				GCC_WARN_ABOUT_RETURN_TYPE = YES_ERROR;
				GCC_WARN_UNDECLARED_SELECTOR = YES;
				GCC_WARN_UNINITIALIZED_AUTOS = YES_AGGRESSIVE;
				GCC_WARN_UNUSED_FUNCTION = YES;
				GCC_WARN_UNUSED_VARIABLE = YES;
				IPHONEOS_DEPLOYMENT_TARGET = 18.2;
				LOCALIZATION_PREFERS_STRING_CATALOGS = YES;
				MTL_ENABLE_DEBUG_INFO = INCLUDE_SOURCE;
				MTL_FAST_MATH = YES;
				ONLY_ACTIVE_ARCH = YES;
				SDKROOT = iphoneos;
				SWIFT_ACTIVE_COMPILATION_CONDITIONS = "DEBUG $(inherited)";
				SWIFT_OPTIMIZATION_LEVEL = "-Onone";
			};
			name = Debug;
		};
		A576F03B2D0A14A000F3C3D5 /* Release */ = {
			isa = XCBuildConfiguration;
			buildSettings = {
				ALWAYS_SEARCH_USER_PATHS = NO;
				ASSETCATALOG_COMPILER_GENERATE_SWIFT_ASSET_SYMBOL_EXTENSIONS = YES;
				CLANG_ANALYZER_NONNULL = YES;
				CLANG_ANALYZER_NUMBER_OBJECT_CONVERSION = YES_AGGRESSIVE;
				CLANG_CXX_LANGUAGE_STANDARD = "gnu++20";
				CLANG_ENABLE_MODULES = YES;
				CLANG_ENABLE_OBJC_ARC = YES;
				CLANG_ENABLE_OBJC_WEAK = YES;
				CLANG_WARN_BLOCK_CAPTURE_AUTORELEASING = YES;
				CLANG_WARN_BOOL_CONVERSION = YES;
				CLANG_WARN_COMMA = YES;
				CLANG_WARN_CONSTANT_CONVERSION = YES;
				CLANG_WARN_DEPRECATED_OBJC_IMPLEMENTATIONS = YES;
				CLANG_WARN_DIRECT_OBJC_ISA_USAGE = YES_ERROR;
				CLANG_WARN_DOCUMENTATION_COMMENTS = YES;
				CLANG_WARN_EMPTY_BODY = YES;
				CLANG_WARN_ENUM_CONVERSION = YES;
				CLANG_WARN_INFINITE_RECURSION = YES;
				CLANG_WARN_INT_CONVERSION = YES;
				CLANG_WARN_NON_LITERAL_NULL_CONVERSION = YES;
				CLANG_WARN_OBJC_IMPLICIT_RETAIN_SELF = YES;
				CLANG_WARN_OBJC_LITERAL_CONVERSION = YES;
				CLANG_WARN_OBJC_ROOT_CLASS = YES_ERROR;
				CLANG_WARN_QUOTED_INCLUDE_IN_FRAMEWORK_HEADER = YES;
				CLANG_WARN_RANGE_LOOP_ANALYSIS = YES;
				CLANG_WARN_STRICT_PROTOTYPES = YES;
				CLANG_WARN_SUSPICIOUS_MOVE = YES;
				CLANG_WARN_UNGUARDED_AVAILABILITY = YES_AGGRESSIVE;
				CLANG_WARN_UNREACHABLE_CODE = YES;
				CLANG_WARN__DUPLICATE_METHOD_MATCH = YES;
				COPY_PHASE_STRIP = NO;
				DEBUG_INFORMATION_FORMAT = "dwarf-with-dsym";
				ENABLE_NS_ASSERTIONS = NO;
				ENABLE_STRICT_OBJC_MSGSEND = YES;
				ENABLE_USER_SCRIPT_SANDBOXING = YES;
				GCC_C_LANGUAGE_STANDARD = gnu17;
				GCC_NO_COMMON_BLOCKS = YES;
				GCC_WARN_64_TO_32_BIT_CONVERSION = YES;
				GCC_WARN_ABOUT_RETURN_TYPE = YES_ERROR;
				GCC_WARN_UNDECLARED_SELECTOR = YES;
				GCC_WARN_UNINITIALIZED_AUTOS = YES_AGGRESSIVE;
				GCC_WARN_UNUSED_FUNCTION = YES;
				GCC_WARN_UNUSED_VARIABLE = YES;
				IPHONEOS_DEPLOYMENT_TARGET = 18.2;
				LOCALIZATION_PREFERS_STRING_CATALOGS = YES;
				MTL_ENABLE_DEBUG_INFO = NO;
				MTL_FAST_MATH = YES;
				SDKROOT = iphoneos;
				SWIFT_COMPILATION_MODE = wholemodule;
				VALIDATE_PRODUCT = YES;
			};
			name = Release;
		};
		A576F03D2D0A14A000F3C3D5 /* Debug */ = {
			isa = XCBuildConfiguration;
			buildSettings = {
				BUNDLE_LOADER = "$(TEST_HOST)";
				CODE_SIGN_STYLE = Automatic;
				CURRENT_PROJECT_VERSION = 1;
				GENERATE_INFOPLIST_FILE = YES;
				IPHONEOS_DEPLOYMENT_TARGET = 18.2;
				MARKETING_VERSION = 1.0;
				PRODUCT_BUNDLE_IDENTIFIER = Shakuro.BroadcastAsyncStreamExampleTests;
				PRODUCT_NAME = "$(TARGET_NAME)";
				SWIFT_EMIT_LOC_STRINGS = NO;
				SWIFT_VERSION = 5.0;
				TARGETED_DEVICE_FAMILY = "1,2";
				TEST_HOST = "$(BUILT_PRODUCTS_DIR)/BroadcastAsyncStreamExample.app/$(BUNDLE_EXECUTABLE_FOLDER_PATH)/BroadcastAsyncStreamExample";
			};
			name = Debug;
		};
		A576F03E2D0A14A000F3C3D5 /* Release */ = {
			isa = XCBuildConfiguration;
			buildSettings = {
				BUNDLE_LOADER = "$(TEST_HOST)";
				CODE_SIGN_STYLE = Automatic;
				CURRENT_PROJECT_VERSION = 1;
				GENERATE_INFOPLIST_FILE = YES;
				IPHONEOS_DEPLOYMENT_TARGET = 18.2;
				MARKETING_VERSION = 1.0;
				PRODUCT_BUNDLE_IDENTIFIER = Shakuro.BroadcastAsyncStreamExampleTests;
				PRODUCT_NAME = "$(TARGET_NAME)";
				SWIFT_EMIT_LOC_STRINGS = NO;
				SWIFT_VERSION = 5.0;
				TARGETED_DEVICE_FAMILY = "1,2";
				TEST_HOST = "$(BUILT_PRODUCTS_DIR)/BroadcastAsyncStreamExample.app/$(BUNDLE_EXECUTABLE_FOLDER_PATH)/BroadcastAsyncStreamExample";
			};
			name = Release;
		};
		A576F0402D0A14A000F3C3D5 /* Debug */ = {
			isa = XCBuildConfiguration;
			buildSettings = {
				CODE_SIGN_STYLE = Automatic;
				CURRENT_PROJECT_VERSION = 1;
				GENERATE_INFOPLIST_FILE = YES;
				MARKETING_VERSION = 1.0;
				PRODUCT_BUNDLE_IDENTIFIER = Shakuro.BroadcastAsyncStreamExampleUITests;
				PRODUCT_NAME = "$(TARGET_NAME)";
				SWIFT_EMIT_LOC_STRINGS = NO;
				SWIFT_VERSION = 5.0;
				TARGETED_DEVICE_FAMILY = "1,2";
				TEST_TARGET_NAME = BroadcastAsyncStreamExample;
			};
			name = Debug;
		};
		A576F0412D0A14A000F3C3D5 /* Release */ = {
			isa = XCBuildConfiguration;
			buildSettings = {
				CODE_SIGN_STYLE = Automatic;
				CURRENT_PROJECT_VERSION = 1;
				GENERATE_INFOPLIST_FILE = YES;
				MARKETING_VERSION = 1.0;
				PRODUCT_BUNDLE_IDENTIFIER = Shakuro.BroadcastAsyncStreamExampleUITests;
				PRODUCT_NAME = "$(TARGET_NAME)";
				SWIFT_EMIT_LOC_STRINGS = NO;
				SWIFT_VERSION = 5.0;
				TARGETED_DEVICE_FAMILY = "1,2";
				TEST_TARGET_NAME = BroadcastAsyncStreamExample;
			};
			name = Release;
		};
/* End XCBuildConfiguration section */

/* Begin XCConfigurationList section */
		A576F0092D0A149D00F3C3D5 /* Build configuration list for PBXProject "BroadcastAsyncStreamExample" */ = {
			isa = XCConfigurationList;
			buildConfigurations = (
				A576F03A2D0A14A000F3C3D5 /* Debug */,
				A576F03B2D0A14A000F3C3D5 /* Release */,
			);
			defaultConfigurationIsVisible = 0;
			defaultConfigurationName = Release;
		};
		A576F0372D0A14A000F3C3D5 /* Build configuration list for PBXNativeTarget "BroadcastAsyncStreamExample" */ = {
			isa = XCConfigurationList;
			buildConfigurations = (
				A576F0382D0A14A000F3C3D5 /* Debug */,
				A576F0392D0A14A000F3C3D5 /* Release */,
			);
			defaultConfigurationIsVisible = 0;
			defaultConfigurationName = Release;
		};
		A576F03C2D0A14A000F3C3D5 /* Build configuration list for PBXNativeTarget "BroadcastAsyncStreamExampleTests" */ = {
			isa = XCConfigurationList;
			buildConfigurations = (
				A576F03D2D0A14A000F3C3D5 /* Debug */,
				A576F03E2D0A14A000F3C3D5 /* Release */,
			);
			defaultConfigurationIsVisible = 0;
			defaultConfigurationName = Release;
		};
		A576F03F2D0A14A000F3C3D5 /* Build configuration list for PBXNativeTarget "BroadcastAsyncStreamExampleUITests" */ = {
			isa = XCConfigurationList;
			buildConfigurations = (
				A576F0402D0A14A000F3C3D5 /* Debug */,
				A576F0412D0A14A000F3C3D5 /* Release */,
			);
			defaultConfigurationIsVisible = 0;
			defaultConfigurationName = Release;
		};
/* End XCConfigurationList section */
	};
	rootObject = A576F0062D0A149D00F3C3D5 /* Project object */;
}
