// !$*UTF8*$!
{
	archiveVersion = 1;
	classes = {
	};
	objectVersion = 77;
	objects = {

/* Begin PBXBuildFile section */
		A59601032D0C034300FB3088 /* BroadcastAsyncStream in Frameworks */ = {isa = PBXBuildFile; productRef = A59601022D0C034300FB3088 /* BroadcastAsyncStream */; };
		A596010E2D0C048000FB3088 /* BroadcastAsyncStreamExampleApp.swift in Sources */ = {isa = PBXBuildFile; fileRef = A596010A2D0C048000FB3088 /* BroadcastAsyncStreamExampleApp.swift */; };
		A596010F2D0C048000FB3088 /* MainService.swift in Sources */ = {isa = PBXBuildFile; fileRef = A596010B2D0C048000FB3088 /* MainService.swift */; };
		A59601102D0C048000FB3088 /* ContentView.swift in Sources */ = {isa = PBXBuildFile; fileRef = A596010C2D0C048000FB3088 /* ContentView.swift */; };
		A59601112D0C048000FB3088 /* Assets.xcassets in Resources */ = {isa = PBXBuildFile; fileRef = A59601092D0C048000FB3088 /* Assets.xcassets */; };
		A59601122D0C048000FB3088 /* Preview Assets.xcassets in Resources */ = {isa = PBXBuildFile; fileRef = A59601072D0C048000FB3088 /* Preview Assets.xcassets */; };
		A59601152D0C04F700FB3088 /* BroadcastAsyncStreamExampleTests.swift in Sources */ = {isa = PBXBuildFile; fileRef = A59601132D0C04F700FB3088 /* BroadcastAsyncStreamExampleTests.swift */; };
		A59601192D0C050800FB3088 /* BroadcastAsyncStreamExampleUITestsLaunchTests.swift in Sources */ = {isa = PBXBuildFile; fileRef = A59601172D0C050800FB3088 /* BroadcastAsyncStreamExampleUITestsLaunchTests.swift */; };
		A596011A2D0C050800FB3088 /* BroadcastAsyncStreamExampleUITests.swift in Sources */ = {isa = PBXBuildFile; fileRef = A59601162D0C050800FB3088 /* BroadcastAsyncStreamExampleUITests.swift */; };
/* End PBXBuildFile section */

/* Begin PBXContainerItemProxy section */
		A576EFE92D0A132600F3C3D5 /* PBXContainerItemProxy */ = {
			isa = PBXContainerItemProxy;
			containerPortal = A576EFD02D0A132400F3C3D5 /* Project object */;
			proxyType = 1;
			remoteGlobalIDString = A576EFD72D0A132400F3C3D5;
			remoteInfo = BroadcastAsyncStreamExample;
		};
		A576EFF32D0A132600F3C3D5 /* PBXContainerItemProxy */ = {
			isa = PBXContainerItemProxy;
			containerPortal = A576EFD02D0A132400F3C3D5 /* Project object */;
			proxyType = 1;
			remoteGlobalIDString = A576EFD72D0A132400F3C3D5;
			remoteInfo = BroadcastAsyncStreamExample;
		};
/* End PBXContainerItemProxy section */

/* Begin PBXFileReference section */
		A576EFD82D0A132400F3C3D5 /* BroadcastAsyncStreamExample.app */ = {isa = PBXFileReference; explicitFileType = wrapper.application; includeInIndex = 0; path = BroadcastAsyncStreamExample.app; sourceTree = BUILT_PRODUCTS_DIR; };
		A576EFE82D0A132600F3C3D5 /* BroadcastAsyncStreamExampleTests.xctest */ = {isa = PBXFileReference; explicitFileType = wrapper.cfbundle; includeInIndex = 0; path = BroadcastAsyncStreamExampleTests.xctest; sourceTree = BUILT_PRODUCTS_DIR; };
		A576EFF22D0A132600F3C3D5 /* BroadcastAsyncStreamExampleUITests.xctest */ = {isa = PBXFileReference; explicitFileType = wrapper.cfbundle; includeInIndex = 0; path = BroadcastAsyncStreamExampleUITests.xctest; sourceTree = BUILT_PRODUCTS_DIR; };
		A59601012D0C032000FB3088 /* BroadcastAsyncStream */ = {isa = PBXFileReference; lastKnownFileType = wrapper; name = BroadcastAsyncStream; path = ../../..; sourceTree = "<group>"; };
		A59601072D0C048000FB3088 /* Preview Assets.xcassets */ = {isa = PBXFileReference; lastKnownFileType = folder.assetcatalog; path = "Preview Assets.xcassets"; sourceTree = "<group>"; };
		A59601092D0C048000FB3088 /* Assets.xcassets */ = {isa = PBXFileReference; lastKnownFileType = folder.assetcatalog; path = Assets.xcassets; sourceTree = "<group>"; };
		A596010A2D0C048000FB3088 /* BroadcastAsyncStreamExampleApp.swift */ = {isa = PBXFileReference; lastKnownFileType = sourcecode.swift; path = BroadcastAsyncStreamExampleApp.swift; sourceTree = "<group>"; };
		A596010B2D0C048000FB3088 /* MainService.swift */ = {isa = PBXFileReference; lastKnownFileType = sourcecode.swift; path = MainService.swift; sourceTree = "<group>"; };
		A596010C2D0C048000FB3088 /* ContentView.swift */ = {isa = PBXFileReference; lastKnownFileType = sourcecode.swift; path = ContentView.swift; sourceTree = "<group>"; };
		A59601132D0C04F700FB3088 /* BroadcastAsyncStreamExampleTests.swift */ = {isa = PBXFileReference; lastKnownFileType = sourcecode.swift; path = BroadcastAsyncStreamExampleTests.swift; sourceTree = "<group>"; };
		A59601162D0C050800FB3088 /* BroadcastAsyncStreamExampleUITests.swift */ = {isa = PBXFileReference; lastKnownFileType = sourcecode.swift; path = BroadcastAsyncStreamExampleUITests.swift; sourceTree = "<group>"; };
		A59601172D0C050800FB3088 /* BroadcastAsyncStreamExampleUITestsLaunchTests.swift */ = {isa = PBXFileReference; lastKnownFileType = sourcecode.swift; path = BroadcastAsyncStreamExampleUITestsLaunchTests.swift; sourceTree = "<group>"; };
/* End PBXFileReference section */

/* Begin PBXFrameworksBuildPhase section */
		A576EFD52D0A132400F3C3D5 /* Frameworks */ = {
			isa = PBXFrameworksBuildPhase;
			buildActionMask = 2147483647;
			files = (
				A59601032D0C034300FB3088 /* BroadcastAsyncStream in Frameworks */,
			);
			runOnlyForDeploymentPostprocessing = 0;
		};
		A576EFE52D0A132600F3C3D5 /* Frameworks */ = {
			isa = PBXFrameworksBuildPhase;
			buildActionMask = 2147483647;
			files = (
			);
			runOnlyForDeploymentPostprocessing = 0;
		};
		A576EFEF2D0A132600F3C3D5 /* Frameworks */ = {
			isa = PBXFrameworksBuildPhase;
			buildActionMask = 2147483647;
			files = (
			);
			runOnlyForDeploymentPostprocessing = 0;
		};
/* End PBXFrameworksBuildPhase section */

/* Begin PBXGroup section */
		A576EFCF2D0A132400F3C3D5 = {
			isa = PBXGroup;
			children = (
				A596010D2D0C048000FB3088 /* BroadcastAsyncStreamExample */,
				A59601142D0C04F700FB3088 /* BroadcastAsyncStreamExampleTests */,
				A59601182D0C050800FB3088 /* BroadcastAsyncStreamExampleUITests */,
				A59601002D0C032000FB3088 /* Frameworks */,
				A576EFD92D0A132400F3C3D5 /* Products */,
			);
			sourceTree = "<group>";
		};
		A576EFD92D0A132400F3C3D5 /* Products */ = {
			isa = PBXGroup;
			children = (
				A576EFD82D0A132400F3C3D5 /* BroadcastAsyncStreamExample.app */,
				A576EFE82D0A132600F3C3D5 /* BroadcastAsyncStreamExampleTests.xctest */,
				A576EFF22D0A132600F3C3D5 /* BroadcastAsyncStreamExampleUITests.xctest */,
			);
			name = Products;
			sourceTree = "<group>";
		};
		A59601002D0C032000FB3088 /* Frameworks */ = {
			isa = PBXGroup;
			children = (
				A59601012D0C032000FB3088 /* BroadcastAsyncStream */,
			);
			name = Frameworks;
			sourceTree = "<group>";
		};
		A59601082D0C048000FB3088 /* Preview Content */ = {
			isa = PBXGroup;
			children = (
				A59601072D0C048000FB3088 /* Preview Assets.xcassets */,
			);
			path = "Preview Content";
			sourceTree = "<group>";
		};
		A596010D2D0C048000FB3088 /* BroadcastAsyncStreamExample */ = {
			isa = PBXGroup;
			children = (
				A59601082D0C048000FB3088 /* Preview Content */,
				A59601092D0C048000FB3088 /* Assets.xcassets */,
				A596010A2D0C048000FB3088 /* BroadcastAsyncStreamExampleApp.swift */,
				A596010B2D0C048000FB3088 /* MainService.swift */,
				A596010C2D0C048000FB3088 /* ContentView.swift */,
			);
			path = BroadcastAsyncStreamExample;
			sourceTree = "<group>";
		};
		A59601142D0C04F700FB3088 /* BroadcastAsyncStreamExampleTests */ = {
			isa = PBXGroup;
			children = (
				A59601132D0C04F700FB3088 /* BroadcastAsyncStreamExampleTests.swift */,
			);
			path = BroadcastAsyncStreamExampleTests;
			sourceTree = "<group>";
		};
		A59601182D0C050800FB3088 /* BroadcastAsyncStreamExampleUITests */ = {
			isa = PBXGroup;
			children = (
				A59601162D0C050800FB3088 /* BroadcastAsyncStreamExampleUITests.swift */,
				A59601172D0C050800FB3088 /* BroadcastAsyncStreamExampleUITestsLaunchTests.swift */,
			);
			path = BroadcastAsyncStreamExampleUITests;
			sourceTree = "<group>";
		};
/* End PBXGroup section */

/* Begin PBXNativeTarget section */
		A576EFD72D0A132400F3C3D5 /* BroadcastAsyncStreamExample */ = {
			isa = PBXNativeTarget;
			buildConfigurationList = A576EFFC2D0A132600F3C3D5 /* Build configuration list for PBXNativeTarget "BroadcastAsyncStreamExample" */;
			buildPhases = (
				A576EFD42D0A132400F3C3D5 /* Sources */,
				A576EFD52D0A132400F3C3D5 /* Frameworks */,
				A576EFD62D0A132400F3C3D5 /* Resources */,
			);
			buildRules = (
			);
			dependencies = (
			);
			name = BroadcastAsyncStreamExample;
			packageProductDependencies = (
				A59601022D0C034300FB3088 /* BroadcastAsyncStream */,
			);
			productName = BroadcastAsyncStreamExample;
			productReference = A576EFD82D0A132400F3C3D5 /* BroadcastAsyncStreamExample.app */;
			productType = "com.apple.product-type.application";
		};
		A576EFE72D0A132600F3C3D5 /* BroadcastAsyncStreamExampleTests */ = {
			isa = PBXNativeTarget;
			buildConfigurationList = A576EFFF2D0A132600F3C3D5 /* Build configuration list for PBXNativeTarget "BroadcastAsyncStreamExampleTests" */;
			buildPhases = (
				A576EFE42D0A132600F3C3D5 /* Sources */,
				A576EFE52D0A132600F3C3D5 /* Frameworks */,
				A576EFE62D0A132600F3C3D5 /* Resources */,
			);
			buildRules = (
			);
			dependencies = (
				A576EFEA2D0A132600F3C3D5 /* PBXTargetDependency */,
			);
			name = BroadcastAsyncStreamExampleTests;
			packageProductDependencies = (
			);
			productName = BroadcastAsyncStreamExampleTests;
			productReference = A576EFE82D0A132600F3C3D5 /* BroadcastAsyncStreamExampleTests.xctest */;
			productType = "com.apple.product-type.bundle.unit-test";
		};
		A576EFF12D0A132600F3C3D5 /* BroadcastAsyncStreamExampleUITests */ = {
			isa = PBXNativeTarget;
			buildConfigurationList = A576F0022D0A132600F3C3D5 /* Build configuration list for PBXNativeTarget "BroadcastAsyncStreamExampleUITests" */;
			buildPhases = (
				A576EFEE2D0A132600F3C3D5 /* Sources */,
				A576EFEF2D0A132600F3C3D5 /* Frameworks */,
				A576EFF02D0A132600F3C3D5 /* Resources */,
			);
			buildRules = (
			);
			dependencies = (
				A576EFF42D0A132600F3C3D5 /* PBXTargetDependency */,
			);
			name = BroadcastAsyncStreamExampleUITests;
			packageProductDependencies = (
			);
			productName = BroadcastAsyncStreamExampleUITests;
			productReference = A576EFF22D0A132600F3C3D5 /* BroadcastAsyncStreamExampleUITests.xctest */;
			productType = "com.apple.product-type.bundle.ui-testing";
		};
/* End PBXNativeTarget section */

/* Begin PBXProject section */
		A576EFD02D0A132400F3C3D5 /* Project object */ = {
			isa = PBXProject;
			attributes = {
				BuildIndependentTargetsInParallel = 1;
				LastSwiftUpdateCheck = 1620;
				LastUpgradeCheck = 1620;
				TargetAttributes = {
					A576EFD72D0A132400F3C3D5 = {
						CreatedOnToolsVersion = 16.2;
					};
					A576EFE72D0A132600F3C3D5 = {
						CreatedOnToolsVersion = 16.2;
						TestTargetID = A576EFD72D0A132400F3C3D5;
					};
					A576EFF12D0A132600F3C3D5 = {
						CreatedOnToolsVersion = 16.2;
						TestTargetID = A576EFD72D0A132400F3C3D5;
					};
				};
			};
			buildConfigurationList = A576EFD32D0A132400F3C3D5 /* Build configuration list for PBXProject "BroadcastAsyncStreamExample" */;
			developmentRegion = en;
			hasScannedForEncodings = 0;
			knownRegions = (
				en,
				Base,
			);
			mainGroup = A576EFCF2D0A132400F3C3D5;
			minimizedProjectReferenceProxies = 1;
			packageReferences = (
			);
			preferredProjectObjectVersion = 77;
			productRefGroup = A576EFD92D0A132400F3C3D5 /* Products */;
			projectDirPath = "";
			projectRoot = "";
			targets = (
				A576EFD72D0A132400F3C3D5 /* BroadcastAsyncStreamExample */,
				A576EFE72D0A132600F3C3D5 /* BroadcastAsyncStreamExampleTests */,
				A576EFF12D0A132600F3C3D5 /* BroadcastAsyncStreamExampleUITests */,
			);
		};
/* End PBXProject section */

/* Begin PBXResourcesBuildPhase section */
		A576EFD62D0A132400F3C3D5 /* Resources */ = {
			isa = PBXResourcesBuildPhase;
			buildActionMask = 2147483647;
			files = (
				A59601112D0C048000FB3088 /* Assets.xcassets in Resources */,
				A59601122D0C048000FB3088 /* Preview Assets.xcassets in Resources */,
			);
			runOnlyForDeploymentPostprocessing = 0;
		};
		A576EFE62D0A132600F3C3D5 /* Resources */ = {
			isa = PBXResourcesBuildPhase;
			buildActionMask = 2147483647;
			files = (
			);
			runOnlyForDeploymentPostprocessing = 0;
		};
		A576EFF02D0A132600F3C3D5 /* Resources */ = {
			isa = PBXResourcesBuildPhase;
			buildActionMask = 2147483647;
			files = (
			);
			runOnlyForDeploymentPostprocessing = 0;
		};
/* End PBXResourcesBuildPhase section */

/* Begin PBXSourcesBuildPhase section */
		A576EFD42D0A132400F3C3D5 /* Sources */ = {
			isa = PBXSourcesBuildPhase;
			buildActionMask = 2147483647;
			files = (
				A596010E2D0C048000FB3088 /* BroadcastAsyncStreamExampleApp.swift in Sources */,
				A596010F2D0C048000FB3088 /* MainService.swift in Sources */,
				A59601102D0C048000FB3088 /* ContentView.swift in Sources */,
			);
			runOnlyForDeploymentPostprocessing = 0;
		};
		A576EFE42D0A132600F3C3D5 /* Sources */ = {
			isa = PBXSourcesBuildPhase;
			buildActionMask = 2147483647;
			files = (
				A59601152D0C04F700FB3088 /* BroadcastAsyncStreamExampleTests.swift in Sources */,
			);
			runOnlyForDeploymentPostprocessing = 0;
		};
		A576EFEE2D0A132600F3C3D5 /* Sources */ = {
			isa = PBXSourcesBuildPhase;
			buildActionMask = 2147483647;
			files = (
				A59601192D0C050800FB3088 /* BroadcastAsyncStreamExampleUITestsLaunchTests.swift in Sources */,
				A596011A2D0C050800FB3088 /* BroadcastAsyncStreamExampleUITests.swift in Sources */,
			);
			runOnlyForDeploymentPostprocessing = 0;
		};
/* End PBXSourcesBuildPhase section */

/* Begin PBXTargetDependency section */
		A576EFEA2D0A132600F3C3D5 /* PBXTargetDependency */ = {
			isa = PBXTargetDependency;
			target = A576EFD72D0A132400F3C3D5 /* BroadcastAsyncStreamExample */;
			targetProxy = A576EFE92D0A132600F3C3D5 /* PBXContainerItemProxy */;
		};
		A576EFF42D0A132600F3C3D5 /* PBXTargetDependency */ = {
			isa = PBXTargetDependency;
			target = A576EFD72D0A132400F3C3D5 /* BroadcastAsyncStreamExample */;
			targetProxy = A576EFF32D0A132600F3C3D5 /* PBXContainerItemProxy */;
		};
/* End PBXTargetDependency section */

/* Begin XCBuildConfiguration section */
		A576EFFA2D0A132600F3C3D5 /* Debug */ = {
			isa = XCBuildConfiguration;
			buildSettings = {
				ALWAYS_SEARCH_USER_PATHS = NO;
				ASSETCATALOG_COMPILER_GENERATE_SWIFT_ASSET_SYMBOL_EXTENSIONS = YES;
				CLANG_ANALYZER_NONNULL = YES;
				CLANG_ANALYZER_NUMBER_OBJECT_CONVERSION = YES_AGGRESSIVE;
				CLANG_CXX_LANGUAGE_STANDARD = "gnu++20";
				CLANG_ENABLE_MODULES = YES;
				CLANG_ENABLE_OBJC_ARC = YES;
				CLANG_ENABLE_OBJC_WEAK = YES;
				CLANG_WARN_BLOCK_CAPTURE_AUTORELEASING = YES;
				CLANG_WARN_BOOL_CONVERSION = YES;
				CLANG_WARN_COMMA = YES;
				CLANG_WARN_CONSTANT_CONVERSION = YES;
				CLANG_WARN_DEPRECATED_OBJC_IMPLEMENTATIONS = YES;
				CLANG_WARN_DIRECT_OBJC_ISA_USAGE = YES_ERROR;
				CLANG_WARN_DOCUMENTATION_COMMENTS = YES;
				CLANG_WARN_EMPTY_BODY = YES;
				CLANG_WARN_ENUM_CONVERSION = YES;
				CLANG_WARN_INFINITE_RECURSION = YES;
				CLANG_WARN_INT_CONVERSION = YES;
				CLANG_WARN_NON_LITERAL_NULL_CONVERSION = YES;
				CLANG_WARN_OBJC_IMPLICIT_RETAIN_SELF = YES;
				CLANG_WARN_OBJC_LITERAL_CONVERSION = YES;
				CLANG_WARN_OBJC_ROOT_CLASS = YES_ERROR;
				CLANG_WARN_QUOTED_INCLUDE_IN_FRAMEWORK_HEADER = YES;
				CLANG_WARN_RANGE_LOOP_ANALYSIS = YES;
				CLANG_WARN_STRICT_PROTOTYPES = YES;
				CLANG_WARN_SUSPICIOUS_MOVE = YES;
				CLANG_WARN_UNGUARDED_AVAILABILITY = YES_AGGRESSIVE;
				CLANG_WARN_UNREACHABLE_CODE = YES;
				CLANG_WARN__DUPLICATE_METHOD_MATCH = YES;
				COPY_PHASE_STRIP = NO;
				DEBUG_INFORMATION_FORMAT = dwarf;
				ENABLE_STRICT_OBJC_MSGSEND = YES;
				ENABLE_TESTABILITY = YES;
				ENABLE_USER_SCRIPT_SANDBOXING = YES;
				GCC_C_LANGUAGE_STANDARD = gnu17;
				GCC_DYNAMIC_NO_PIC = NO;
				GCC_NO_COMMON_BLOCKS = YES;
				GCC_OPTIMIZATION_LEVEL = 0;
				GCC_PREPROCESSOR_DEFINITIONS = (
					"DEBUG=1",
					"$(inherited)",
				);
				GCC_WARN_64_TO_32_BIT_CONVERSION = YES;
				GCC_WARN_ABOUT_RETURN_TYPE = YES_ERROR;
				GCC_WARN_UNDECLARED_SELECTOR = YES;
				GCC_WARN_UNINITIALIZED_AUTOS = YES_AGGRESSIVE;
				GCC_WARN_UNUSED_FUNCTION = YES;
				GCC_WARN_UNUSED_VARIABLE = YES;
				IPHONEOS_DEPLOYMENT_TARGET = 18.2;
				LOCALIZATION_PREFERS_STRING_CATALOGS = YES;
				MTL_ENABLE_DEBUG_INFO = INCLUDE_SOURCE;
				MTL_FAST_MATH = YES;
				ONLY_ACTIVE_ARCH = YES;
				SDKROOT = iphoneos;
				SWIFT_ACTIVE_COMPILATION_CONDITIONS = "DEBUG $(inherited)";
				SWIFT_OPTIMIZATION_LEVEL = "-Onone";
			};
			name = Debug;
		};
		A576EFFB2D0A132600F3C3D5 /* Release */ = {
			isa = XCBuildConfiguration;
			buildSettings = {
				ALWAYS_SEARCH_USER_PATHS = NO;
				ASSETCATALOG_COMPILER_GENERATE_SWIFT_ASSET_SYMBOL_EXTENSIONS = YES;
				CLANG_ANALYZER_NONNULL = YES;
				CLANG_ANALYZER_NUMBER_OBJECT_CONVERSION = YES_AGGRESSIVE;
				CLANG_CXX_LANGUAGE_STANDARD = "gnu++20";
				CLANG_ENABLE_MODULES = YES;
				CLANG_ENABLE_OBJC_ARC = YES;
				CLANG_ENABLE_OBJC_WEAK = YES;
				CLANG_WARN_BLOCK_CAPTURE_AUTORELEASING = YES;
				CLANG_WARN_BOOL_CONVERSION = YES;
				CLANG_WARN_COMMA = YES;
				CLANG_WARN_CONSTANT_CONVERSION = YES;
				CLANG_WARN_DEPRECATED_OBJC_IMPLEMENTATIONS = YES;
				CLANG_WARN_DIRECT_OBJC_ISA_USAGE = YES_ERROR;
				CLANG_WARN_DOCUMENTATION_COMMENTS = YES;
				CLANG_WARN_EMPTY_BODY = YES;
				CLANG_WARN_ENUM_CONVERSION = YES;
				CLANG_WARN_INFINITE_RECURSION = YES;
				CLANG_WARN_INT_CONVERSION = YES;
				CLANG_WARN_NON_LITERAL_NULL_CONVERSION = YES;
				CLANG_WARN_OBJC_IMPLICIT_RETAIN_SELF = YES;
				CLANG_WARN_OBJC_LITERAL_CONVERSION = YES;
				CLANG_WARN_OBJC_ROOT_CLASS = YES_ERROR;
				CLANG_WARN_QUOTED_INCLUDE_IN_FRAMEWORK_HEADER = YES;
				CLANG_WARN_RANGE_LOOP_ANALYSIS = YES;
				CLANG_WARN_STRICT_PROTOTYPES = YES;
				CLANG_WARN_SUSPICIOUS_MOVE = YES;
				CLANG_WARN_UNGUARDED_AVAILABILITY = YES_AGGRESSIVE;
				CLANG_WARN_UNREACHABLE_CODE = YES;
				CLANG_WARN__DUPLICATE_METHOD_MATCH = YES;
				COPY_PHASE_STRIP = NO;
				DEBUG_INFORMATION_FORMAT = "dwarf-with-dsym";
				ENABLE_NS_ASSERTIONS = NO;
				ENABLE_STRICT_OBJC_MSGSEND = YES;
				ENABLE_USER_SCRIPT_SANDBOXING = YES;
				GCC_C_LANGUAGE_STANDARD = gnu17;
				GCC_NO_COMMON_BLOCKS = YES;
				GCC_WARN_64_TO_32_BIT_CONVERSION = YES;
				GCC_WARN_ABOUT_RETURN_TYPE = YES_ERROR;
				GCC_WARN_UNDECLARED_SELECTOR = YES;
				GCC_WARN_UNINITIALIZED_AUTOS = YES_AGGRESSIVE;
				GCC_WARN_UNUSED_FUNCTION = YES;
				GCC_WARN_UNUSED_VARIABLE = YES;
				IPHONEOS_DEPLOYMENT_TARGET = 18.2;
				LOCALIZATION_PREFERS_STRING_CATALOGS = YES;
				MTL_ENABLE_DEBUG_INFO = NO;
				MTL_FAST_MATH = YES;
				SDKROOT = iphoneos;
				SWIFT_COMPILATION_MODE = wholemodule;
				VALIDATE_PRODUCT = YES;
			};
			name = Release;
		};
		A576EFFD2D0A132600F3C3D5 /* Debug */ = {
			isa = XCBuildConfiguration;
			buildSettings = {
				ASSETCATALOG_COMPILER_APPICON_NAME = AppIcon;
				ASSETCATALOG_COMPILER_GLOBAL_ACCENT_COLOR_NAME = AccentColor;
				CODE_SIGN_STYLE = Automatic;
				CURRENT_PROJECT_VERSION = 1;
				DEVELOPMENT_ASSET_PATHS = "\"BroadcastAsyncStreamExample/Preview Content\"";
				ENABLE_PREVIEWS = YES;
				GENERATE_INFOPLIST_FILE = YES;
				INFOPLIST_KEY_UIApplicationSceneManifest_Generation = YES;
				INFOPLIST_KEY_UIApplicationSupportsIndirectInputEvents = YES;
				INFOPLIST_KEY_UILaunchScreen_Generation = YES;
				INFOPLIST_KEY_UISupportedInterfaceOrientations_iPad = "UIInterfaceOrientationPortrait UIInterfaceOrientationPortraitUpsideDown UIInterfaceOrientationLandscapeLeft UIInterfaceOrientationLandscapeRight";
				INFOPLIST_KEY_UISupportedInterfaceOrientations_iPhone = "UIInterfaceOrientationPortrait UIInterfaceOrientationLandscapeLeft UIInterfaceOrientationLandscapeRight";
				LD_RUNPATH_SEARCH_PATHS = (
					"$(inherited)",
					"@executable_path/Frameworks",
				);
				MARKETING_VERSION = 1.0;
				PRODUCT_BUNDLE_IDENTIFIER = Shakuro.BroadcastAsyncStreamExample;
				PRODUCT_NAME = "$(TARGET_NAME)";
				SWIFT_EMIT_LOC_STRINGS = YES;
				SWIFT_VERSION = 5.0;
				TARGETED_DEVICE_FAMILY = "1,2";
			};
			name = Debug;
		};
		A576EFFE2D0A132600F3C3D5 /* Release */ = {
			isa = XCBuildConfiguration;
			buildSettings = {
				ASSETCATALOG_COMPILER_APPICON_NAME = AppIcon;
				ASSETCATALOG_COMPILER_GLOBAL_ACCENT_COLOR_NAME = AccentColor;
				CODE_SIGN_STYLE = Automatic;
				CURRENT_PROJECT_VERSION = 1;
				DEVELOPMENT_ASSET_PATHS = "\"BroadcastAsyncStreamExample/Preview Content\"";
				ENABLE_PREVIEWS = YES;
				GENERATE_INFOPLIST_FILE = YES;
				INFOPLIST_KEY_UIApplicationSceneManifest_Generation = YES;
				INFOPLIST_KEY_UIApplicationSupportsIndirectInputEvents = YES;
				INFOPLIST_KEY_UILaunchScreen_Generation = YES;
				INFOPLIST_KEY_UISupportedInterfaceOrientations_iPad = "UIInterfaceOrientationPortrait UIInterfaceOrientationPortraitUpsideDown UIInterfaceOrientationLandscapeLeft UIInterfaceOrientationLandscapeRight";
				INFOPLIST_KEY_UISupportedInterfaceOrientations_iPhone = "UIInterfaceOrientationPortrait UIInterfaceOrientationLandscapeLeft UIInterfaceOrientationLandscapeRight";
				LD_RUNPATH_SEARCH_PATHS = (
					"$(inherited)",
					"@executable_path/Frameworks",
				);
				MARKETING_VERSION = 1.0;
				PRODUCT_BUNDLE_IDENTIFIER = Shakuro.BroadcastAsyncStreamExample;
				PRODUCT_NAME = "$(TARGET_NAME)";
				SWIFT_EMIT_LOC_STRINGS = YES;
				SWIFT_VERSION = 5.0;
				TARGETED_DEVICE_FAMILY = "1,2";
			};
			name = Release;
		};
		A576F0002D0A132600F3C3D5 /* Debug */ = {
			isa = XCBuildConfiguration;
			buildSettings = {
				BUNDLE_LOADER = "$(TEST_HOST)";
				CODE_SIGN_STYLE = Automatic;
				CURRENT_PROJECT_VERSION = 1;
				GENERATE_INFOPLIST_FILE = YES;
				IPHONEOS_DEPLOYMENT_TARGET = 18.2;
				MARKETING_VERSION = 1.0;
				PRODUCT_BUNDLE_IDENTIFIER = Shakuro.BroadcastAsyncStreamExampleTests;
				PRODUCT_NAME = "$(TARGET_NAME)";
				SWIFT_EMIT_LOC_STRINGS = NO;
				SWIFT_VERSION = 5.0;
				TARGETED_DEVICE_FAMILY = "1,2";
				TEST_HOST = "$(BUILT_PRODUCTS_DIR)/BroadcastAsyncStreamExample.app/$(BUNDLE_EXECUTABLE_FOLDER_PATH)/BroadcastAsyncStreamExample";
			};
			name = Debug;
		};
		A576F0012D0A132600F3C3D5 /* Release */ = {
			isa = XCBuildConfiguration;
			buildSettings = {
				BUNDLE_LOADER = "$(TEST_HOST)";
				CODE_SIGN_STYLE = Automatic;
				CURRENT_PROJECT_VERSION = 1;
				GENERATE_INFOPLIST_FILE = YES;
				IPHONEOS_DEPLOYMENT_TARGET = 18.2;
				MARKETING_VERSION = 1.0;
				PRODUCT_BUNDLE_IDENTIFIER = Shakuro.BroadcastAsyncStreamExampleTests;
				PRODUCT_NAME = "$(TARGET_NAME)";
				SWIFT_EMIT_LOC_STRINGS = NO;
				SWIFT_VERSION = 5.0;
				TARGETED_DEVICE_FAMILY = "1,2";
				TEST_HOST = "$(BUILT_PRODUCTS_DIR)/BroadcastAsyncStreamExample.app/$(BUNDLE_EXECUTABLE_FOLDER_PATH)/BroadcastAsyncStreamExample";
			};
			name = Release;
		};
		A576F0032D0A132600F3C3D5 /* Debug */ = {
			isa = XCBuildConfiguration;
			buildSettings = {
				CODE_SIGN_STYLE = Automatic;
				CURRENT_PROJECT_VERSION = 1;
				GENERATE_INFOPLIST_FILE = YES;
				MARKETING_VERSION = 1.0;
				PRODUCT_BUNDLE_IDENTIFIER = Shakuro.BroadcastAsyncStreamExampleUITests;
				PRODUCT_NAME = "$(TARGET_NAME)";
				SWIFT_EMIT_LOC_STRINGS = NO;
				SWIFT_VERSION = 5.0;
				TARGETED_DEVICE_FAMILY = "1,2";
				TEST_TARGET_NAME = BroadcastAsyncStreamExample;
			};
			name = Debug;
		};
		A576F0042D0A132600F3C3D5 /* Release */ = {
			isa = XCBuildConfiguration;
			buildSettings = {
				CODE_SIGN_STYLE = Automatic;
				CURRENT_PROJECT_VERSION = 1;
				GENERATE_INFOPLIST_FILE = YES;
				MARKETING_VERSION = 1.0;
				PRODUCT_BUNDLE_IDENTIFIER = Shakuro.BroadcastAsyncStreamExampleUITests;
				PRODUCT_NAME = "$(TARGET_NAME)";
				SWIFT_EMIT_LOC_STRINGS = NO;
				SWIFT_VERSION = 5.0;
				TARGETED_DEVICE_FAMILY = "1,2";
				TEST_TARGET_NAME = BroadcastAsyncStreamExample;
			};
			name = Release;
		};
/* End XCBuildConfiguration section */

/* Begin XCConfigurationList section */
		A576EFD32D0A132400F3C3D5 /* Build configuration list for PBXProject "BroadcastAsyncStreamExample" */ = {
			isa = XCConfigurationList;
			buildConfigurations = (
				A576EFFA2D0A132600F3C3D5 /* Debug */,
				A576EFFB2D0A132600F3C3D5 /* Release */,
			);
			defaultConfigurationIsVisible = 0;
			defaultConfigurationName = Release;
		};
		A576EFFC2D0A132600F3C3D5 /* Build configuration list for PBXNativeTarget "BroadcastAsyncStreamExample" */ = {
			isa = XCConfigurationList;
			buildConfigurations = (
				A576EFFD2D0A132600F3C3D5 /* Debug */,
				A576EFFE2D0A132600F3C3D5 /* Release */,
			);
			defaultConfigurationIsVisible = 0;
			defaultConfigurationName = Release;
		};
		A576EFFF2D0A132600F3C3D5 /* Build configuration list for PBXNativeTarget "BroadcastAsyncStreamExampleTests" */ = {
			isa = XCConfigurationList;
			buildConfigurations = (
				A576F0002D0A132600F3C3D5 /* Debug */,
				A576F0012D0A132600F3C3D5 /* Release */,
			);
			defaultConfigurationIsVisible = 0;
			defaultConfigurationName = Release;
		};
		A576F0022D0A132600F3C3D5 /* Build configuration list for PBXNativeTarget "BroadcastAsyncStreamExampleUITests" */ = {
			isa = XCConfigurationList;
			buildConfigurations = (
				A576F0032D0A132600F3C3D5 /* Debug */,
				A576F0042D0A132600F3C3D5 /* Release */,
			);
			defaultConfigurationIsVisible = 0;
			defaultConfigurationName = Release;
		};
/* End XCConfigurationList section */

/* Begin XCSwiftPackageProductDependency section */
		A59601022D0C034300FB3088 /* BroadcastAsyncStream */ = {
			isa = XCSwiftPackageProductDependency;
			productName = BroadcastAsyncStream;
		};
/* End XCSwiftPackageProductDependency section */
	};
	rootObject = A576EFD02D0A132400F3C3D5 /* Project object */;
}
